
Microsoft Visual Studio Solution File, Format Version 12.00
# Visual Studio Version 16
VisualStudioVersion = 16.0.31112.23
MinimumVisualStudioVersion = 10.0.40219.1
Project("{9A19103F-16F7-4668-BE54-9A1E7A4F7556}") = "Ophelia.Api", "Ophelia.Api\Ophelia.Api.csproj", "{0A0AB3EB-7566-4254-B0AF-E91ACFD097A9}"
EndProject
Project("{9A19103F-16F7-4668-BE54-9A1E7A4F7556}") = "Ophelia.Core", "Ophelia.Core\Ophelia.Core.csproj", "{9B702411-FAA9-4D97-A326-26C94A52F1DE}"
EndProject
Project("{9A19103F-16F7-4668-BE54-9A1E7A4F7556}") = "Ophelia.Model", "Ophelia.Model\Ophelia.Model.csproj", "{DB3CF77F-2F32-4D42-9784-2845DC2E66C1}"
EndProject
Project("{9A19103F-16F7-4668-BE54-9A1E7A4F7556}") = "Ophelia.Repository", "Ophelia.Repository\Ophelia.Repository.csproj", "{248D3B1A-657C-4D13-9F96-7D932955AF72}"
EndProject
Project("{9A19103F-16F7-4668-BE54-9A1E7A4F7556}") = "Ophelia.Common", "Ophelia.Common\Ophelia.Common.csproj", "{49562F98-2DBA-49CD-B76F-B5F83A7BE631}"
EndProject
Project("{FAE04EC0-301F-11D3-BF4B-00C04F79EFBC}") = "Ophelia.Console.Test", "Ophelia.Console.Test\Ophelia.Console.Test.csproj", "{43CC8500-3317-4A52-BBC7-3B6ABBC3B801}"
EndProject
Global
	GlobalSection(SolutionConfigurationPlatforms) = preSolution
		Debug|Any CPU = Debug|Any CPU
		Release|Any CPU = Release|Any CPU
	EndGlobalSection
	GlobalSection(ProjectConfigurationPlatforms) = postSolution
		{0A0AB3EB-7566-4254-B0AF-E91ACFD097A9}.Debug|Any CPU.ActiveCfg = Debug|Any CPU
		{0A0AB3EB-7566-4254-B0AF-E91ACFD097A9}.Debug|Any CPU.Build.0 = Debug|Any CPU
		{0A0AB3EB-7566-4254-B0AF-E91ACFD097A9}.Release|Any CPU.ActiveCfg = Release|Any CPU
		{0A0AB3EB-7566-4254-B0AF-E91ACFD097A9}.Release|Any CPU.Build.0 = Release|Any CPU
		{9B702411-FAA9-4D97-A326-26C94A52F1DE}.Debug|Any CPU.ActiveCfg = Debug|Any CPU
		{9B702411-FAA9-4D97-A326-26C94A52F1DE}.Debug|Any CPU.Build.0 = Debug|Any CPU
		{9B702411-FAA9-4D97-A326-26C94A52F1DE}.Release|Any CPU.ActiveCfg = Release|Any CPU
		{9B702411-FAA9-4D97-A326-26C94A52F1DE}.Release|Any CPU.Build.0 = Release|Any CPU
		{DB3CF77F-2F32-4D42-9784-2845DC2E66C1}.Debug|Any CPU.ActiveCfg = Debug|Any CPU
		{DB3CF77F-2F32-4D42-9784-2845DC2E66C1}.Debug|Any CPU.Build.0 = Debug|Any CPU
		{DB3CF77F-2F32-4D42-9784-2845DC2E66C1}.Release|Any CPU.ActiveCfg = Release|Any CPU
		{DB3CF77F-2F32-4D42-9784-2845DC2E66C1}.Release|Any CPU.Build.0 = Release|Any CPU
		{248D3B1A-657C-4D13-9F96-7D932955AF72}.Debug|Any CPU.ActiveCfg = Debug|Any CPU
		{248D3B1A-657C-4D13-9F96-7D932955AF72}.Debug|Any CPU.Build.0 = Debug|Any CPU
		{248D3B1A-657C-4D13-9F96-7D932955AF72}.Release|Any CPU.ActiveCfg = Release|Any CPU
		{248D3B1A-657C-4D13-9F96-7D932955AF72}.Release|Any CPU.Build.0 = Release|Any CPU
		{49562F98-2DBA-49CD-B76F-B5F83A7BE631}.Debug|Any CPU.ActiveCfg = Debug|Any CPU
		{49562F98-2DBA-49CD-B76F-B5F83A7BE631}.Debug|Any CPU.Build.0 = Debug|Any CPU
		{49562F98-2DBA-49CD-B76F-B5F83A7BE631}.Release|Any CPU.ActiveCfg = Release|Any CPU
		{49562F98-2DBA-49CD-B76F-B5F83A7BE631}.Release|Any CPU.Build.0 = Release|Any CPU
		{43CC8500-3317-4A52-BBC7-3B6ABBC3B801}.Debug|Any CPU.ActiveCfg = Debug|Any CPU
		{43CC8500-3317-4A52-BBC7-3B6ABBC3B801}.Debug|Any CPU.Build.0 = Debug|Any CPU
		{43CC8500-3317-4A52-BBC7-3B6ABBC3B801}.Release|Any CPU.ActiveCfg = Release|Any CPU
		{43CC8500-3317-4A52-BBC7-3B6ABBC3B801}.Release|Any CPU.Build.0 = Release|Any CPU
	EndGlobalSection
	GlobalSection(SolutionProperties) = preSolution
		HideSolutionNode = FALSE
	EndGlobalSection
	GlobalSection(ExtensibilityGlobals) = postSolution
		SolutionGuid = {ACC91F95-CD6C-470B-9407-AC9B8CCC7B92}
	EndGlobalSection
EndGlobal
